{
  "lockfileVersion": 1,
  "configVersion": 1,
  "workspaces": {
    "": {
      "name": "argiope.nvim",
      "devDependencies": {
        "culori": "4.0.2",
        "cusphanger": "0.3.0",
        "nutelch": "0.2.0",
      },
    },
  },
  "packages": {
    "culori": ["culori@4.0.2", "", {}, "sha512-1+BhOB8ahCn4O0cep0Sh2l9KCOfOdY+BXJnKMHFFzDEouSr/el18QwXEMRlOj9UY5nCeA8UN3a/82rUWRBeyBw=="],

    "cusphanger": ["cusphanger@0.3.0", "", { "dependencies": { "nutelch": "^0.2.0" } }, "sha512-q7MzLQNyHksvQqblFFvVdkHhwjF2M2rTMWovubhe64lj3fdIgo13ww0L3sTWgmypNeDqn1BO6p9LzBJziuUBwg=="],

    "nutelch": ["nutelch@0.2.0", "", {}, "sha512-ql1bI7cnFGk8iiIfj5eV7ikXmcv/j+wrjP9DI+687EgG7RT0+fNAWI77SdF7fzijEhybyCQPshFy1oJwbtIJ2w=="],
  }
}
